
Microsoft Visual Studio Solution File, Format Version 12.00
# Visual Studio 15
VisualStudioVersion = 15.0.28307.1062
MinimumVisualStudioVersion = 10.0.40219.1
Project("{FAE04EC0-301F-11D3-BF4B-00C04F79EFBC}") = "SampleSeleniumTests", "SampleSeleniumTests.csproj", "{268A5FBA-5AF9-4025-8B97-10F0B71142DB}"
EndProject
Global
	GlobalSection(SolutionConfigurationPlatforms) = preSolution
		Debug|Any CPU = Debug|Any CPU
		Release|Any CPU = Release|Any CPU
	EndGlobalSection
	GlobalSection(ProjectConfigurationPlatforms) = postSolution
		{268A5FBA-5AF9-4025-8B97-10F0B71142DB}.Debug|Any CPU.ActiveCfg = Debug|Any CPU
		{268A5FBA-5AF9-4025-8B97-10F0B71142DB}.Debug|Any CPU.Build.0 = Debug|Any CPU
		{268A5FBA-5AF9-4025-8B97-10F0B71142DB}.Release|Any CPU.ActiveCfg = Release|Any CPU
		{268A5FBA-5AF9-4025-8B97-10F0B71142DB}.Release|Any CPU.Build.0 = Release|Any CPU
	EndGlobalSection
	GlobalSection(SolutionProperties) = preSolution
		HideSolutionNode = FALSE
	EndGlobalSection
	GlobalSection(ExtensibilityGlobals) = postSolution
		SolutionGuid = {19DC0722-6474-46B8-9136-6027087E28D4}
	EndGlobalSection
EndGlobal
